
Microsoft Visual Studio Solution File, Format Version 12.00
# Visual Studio Version 17
VisualStudioVersion = 17.14.36301.6 d17.14
MinimumVisualStudioVersion = 10.0.40219.1
Project("{FAE04EC0-301F-11D3-BF4B-00C04F79EFBC}") = "PresentationLayer2", "PresentationLayer2\PresentationLayer2.csproj", "{3D74B777-3001-466B-90C2-7FB413459DD5}"
EndProject
Project("{FAE04EC0-301F-11D3-BF4B-00C04F79EFBC}") = "BusinessLayer", "BusinessLayer\BusinessLayer.csproj", "{A1EABCBF-7695-4B24-B514-F86AFEB6ABE8}"
EndProject
Global
	GlobalSection(SolutionConfigurationPlatforms) = preSolution
		Debug|Any CPU = Debug|Any CPU
		Release|Any CPU = Release|Any CPU
	EndGlobalSection
	GlobalSection(ProjectConfigurationPlatforms) = postSolution
		{3D74B777-3001-466B-90C2-7FB413459DD5}.Debug|Any CPU.ActiveCfg = Debug|Any CPU
		{3D74B777-3001-466B-90C2-7FB413459DD5}.Debug|Any CPU.Build.0 = Debug|Any CPU
		{3D74B777-3001-466B-90C2-7FB413459DD5}.Release|Any CPU.ActiveCfg = Release|Any CPU
		{3D74B777-3001-466B-90C2-7FB413459DD5}.Release|Any CPU.Build.0 = Release|Any CPU
		{A1EABCBF-7695-4B24-B514-F86AFEB6ABE8}.Debug|Any CPU.ActiveCfg = Debug|Any CPU
		{A1EABCBF-7695-4B24-B514-F86AFEB6ABE8}.Debug|Any CPU.Build.0 = Debug|Any CPU
		{A1EABCBF-7695-4B24-B514-F86AFEB6ABE8}.Release|Any CPU.ActiveCfg = Release|Any CPU
		{A1EABCBF-7695-4B24-B514-F86AFEB6ABE8}.Release|Any CPU.Build.0 = Release|Any CPU
	EndGlobalSection
	GlobalSection(SolutionProperties) = preSolution
		HideSolutionNode = FALSE
	EndGlobalSection
	GlobalSection(ExtensibilityGlobals) = postSolution
		SolutionGuid = {34F6BFB3-7745-4E63-82CD-54509FF5DBCC}
	EndGlobalSection
EndGlobal
